
Microsoft Visual Studio Solution File, Format Version 12.00
# Visual Studio Version 17
VisualStudioVersion = 17.11.35312.102
MinimumVisualStudioVersion = 10.0.40219.1
Project("{FAE04EC0-301F-11D3-BF4B-00C04F79EFBC}") = "BulkyWebBook", "BulkyWebBook\BulkyWebBook.csproj", "{5D867DA3-CDC7-4FA3-8ED7-E0E3230311CB}"
EndProject
Global
	GlobalSection(SolutionConfigurationPlatforms) = preSolution
		Debug|Any CPU = Debug|Any CPU
		Release|Any CPU = Release|Any CPU
	EndGlobalSection
	GlobalSection(ProjectConfigurationPlatforms) = postSolution
		{5D867DA3-CDC7-4FA3-8ED7-E0E3230311CB}.Debug|Any CPU.ActiveCfg = Debug|Any CPU
		{5D867DA3-CDC7-4FA3-8ED7-E0E3230311CB}.Debug|Any CPU.Build.0 = Debug|Any CPU
		{5D867DA3-CDC7-4FA3-8ED7-E0E3230311CB}.Release|Any CPU.ActiveCfg = Release|Any CPU
		{5D867DA3-CDC7-4FA3-8ED7-E0E3230311CB}.Release|Any CPU.Build.0 = Release|Any CPU
	EndGlobalSection
	GlobalSection(SolutionProperties) = preSolution
		HideSolutionNode = FALSE
	EndGlobalSection
	GlobalSection(ExtensibilityGlobals) = postSolution
		SolutionGuid = {0EFDD5E5-E6D0-45AD-987C-76A7D13F52A6}
	EndGlobalSection
EndGlobal
